
Microsoft Visual Studio Solution File, Format Version 12.00
# Visual Studio 14
VisualStudioVersion = 14.0.25420.1
MinimumVisualStudioVersion = 10.0.40219.1
Project("{FAE04EC0-301F-11D3-BF4B-00C04F79EFBC}") = "lexer", "lexer\lexer.csproj", "{D58578F8-55E6-4C8C-8F45-504AD1A8003A}"
EndProject
Project("{FAE04EC0-301F-11D3-BF4B-00C04F79EFBC}") = "Executer", "Ecexuter\Executer.csproj", "{63961EC6-F564-4E5A-B755-8DEDC3E59791}"
EndProject
Global
	GlobalSection(SolutionConfigurationPlatforms) = preSolution
		Debug|Any CPU = Debug|Any CPU
		Release|Any CPU = Release|Any CPU
	EndGlobalSection
	GlobalSection(ProjectConfigurationPlatforms) = postSolution
		{D58578F8-55E6-4C8C-8F45-504AD1A8003A}.Debug|Any CPU.ActiveCfg = Debug|Any CPU
		{D58578F8-55E6-4C8C-8F45-504AD1A8003A}.Debug|Any CPU.Build.0 = Debug|Any CPU
		{D58578F8-55E6-4C8C-8F45-504AD1A8003A}.Release|Any CPU.ActiveCfg = Release|Any CPU
		{D58578F8-55E6-4C8C-8F45-504AD1A8003A}.Release|Any CPU.Build.0 = Release|Any CPU
		{63961EC6-F564-4E5A-B755-8DEDC3E59791}.Debug|Any CPU.ActiveCfg = Debug|Any CPU
		{63961EC6-F564-4E5A-B755-8DEDC3E59791}.Debug|Any CPU.Build.0 = Debug|Any CPU
		{63961EC6-F564-4E5A-B755-8DEDC3E59791}.Release|Any CPU.ActiveCfg = Release|Any CPU
		{63961EC6-F564-4E5A-B755-8DEDC3E59791}.Release|Any CPU.Build.0 = Release|Any CPU
	EndGlobalSection
	GlobalSection(SolutionProperties) = preSolution
		HideSolutionNode = FALSE
	EndGlobalSection
EndGlobal
